Microsoft Visual Studio Solution File, Format Version 11.00
# Visual Studio 2010
Project("{54435603-DBB4-11D2-8724-00A0C9A8B90C}") = "MPS Setup", "MPS Setup\MPS Setup.vdproj", "{B5261098-77FC-4291-B3A7-A994EDDB92E4}"
EndProject
Project("{F184B08F-C81C-45F6-A57F-5ABD9991F28F}") = "Activity", "Activity\Activity.vbproj", "{B394B1DC-2584-4C94-AEF5-5E2396D4375A}"
EndProject
Project("{F184B08F-C81C-45F6-A57F-5ABD9991F28F}") = "Planning", "Planning\Planning.vbproj", "{57FED7F8-13AD-4933-AA8E-C0EE2EA1F67C}"
EndProject
Project("{F184B08F-C81C-45F6-A57F-5ABD9991F28F}") = "Travel", "Travel\Travel.vbproj", "{103EC96E-9804-4FC0-8BD7-E1E19C5352AA}"
EndProject
Project("{F184B08F-C81C-45F6-A57F-5ABD9991F28F}") = "Checklist", "Checklist\Checklist.vbproj", "{BBACC571-F809-4EBF-99CB-005AE277E08F}"
EndProject
Project("{F184B08F-C81C-45F6-A57F-5ABD9991F28F}") = "Qualification", "Qualification\Qualification.vbproj", "{7E648496-804F-40C5-9D5A-25433928D910}"
EndProject
Project("{F184B08F-C81C-45F6-A57F-5ABD9991F28F}") = "Archive", "Archive\Archive.vbproj", "{BB2D4B5C-8199-43A3-BAB4-9059C08CCEB9}"
EndProject
Project("{F184B08F-C81C-45F6-A57F-5ABD9991F28F}") = "Approval", "Approval\Approval.vbproj", "{F63A1466-B1B7-4662-95BB-CE61EAEA356B}"
EndProject
Project("{F184B08F-C81C-45F6-A57F-5ABD9991F28F}") = "Payroll", "Payroll\Payroll.vbproj", "{D8BCE451-202C-4ED3-B18E-BCE89B6CDB8C}"
EndProject
Project("{F184B08F-C81C-45F6-A57F-5ABD9991F28F}") = "Audit", "Audit\Audit.vbproj", "{13ECA2FF-8CAB-4DC2-8C44-999B1E2BB952}"
EndProject
Project("{F184B08F-C81C-45F6-A57F-5ABD9991F28F}") = "ReportObjectsManPower", "ReportObjectsManPower\ReportObjectsManPower.vbproj", "{E91F2368-8844-400B-9CED-26CAF79AB569}"
EndProject
Project("{F184B08F-C81C-45F6-A57F-5ABD9991F28F}") = "CrewReassignment", "CrewReassignment\CrewReassignment.vbproj", "{68C0D40B-36F6-43C4-B5C3-C8E8C5D2CBD7}"
EndProject
Project("{2150E333-8FDC-42A3-9474-1A3956D46DE8}") = "Solution Items", "Solution Items", "{E262CC99-46E2-49E1-9F92-8A293D7E355D}"
	ProjectSection(SolutionItems) = preProject
		VersionInfo.vb = VersionInfo.vb
	EndProjectSection
EndProject
Project("{F184B08F-C81C-45F6-A57F-5ABD9991F28F}") = "QualificationMatrixReports", "QualificationMatrixReports\QualificationMatrixReports.vbproj", "{711A7A88-53E2-450B-B360-1270D049276C}"
EndProject
Project("{F184B08F-C81C-45F6-A57F-5ABD9991F28F}") = "ReportObjectsOther", "ReportObjectsOther\ReportObjectsOther.vbproj", "{DC35A904-62B4-4FBB-B359-41B0FA398F32}"
EndProject
Project("{F184B08F-C81C-45F6-A57F-5ABD9991F28F}") = "Crewing", "Crewing\Crewing.vbproj", "{60F7779D-C030-4B9A-B7D0-8264DC2EFAEB}"
EndProject
Project("{F184B08F-C81C-45F6-A57F-5ABD9991F28F}") = "Admin", "Admin\Admin.vbproj", "{6D7C477B-7951-4674-8912-988FCA6C89D3}"
EndProject
Project("{F184B08F-C81C-45F6-A57F-5ABD9991F28F}") = "BaseControl", "BaseControl\BaseControl.vbproj", "{C096B102-0A25-4E16-9863-2D63677C7CB7}"
EndProject
Project("{F184B08F-C81C-45F6-A57F-5ABD9991F28F}") = "DocumentViewer", "DocumentViewer\DocumentViewer.vbproj", "{D0CDCD9F-2ECB-4133-8632-98ED2604D69D}"
EndProject
Project("{F184B08F-C81C-45F6-A57F-5ABD9991F28F}") = "MPS4", "MPS4\MPS4.vbproj", "{B378CC8D-6107-4BF9-A589-69716516AE40}"
EndProject
Project("{F184B08F-C81C-45F6-A57F-5ABD9991F28F}") = "ReportObjectsAdmin", "ReportObjectsAdmin\ReportObjectsAdmin.vbproj", "{1C8902E9-B530-48C9-8921-A399F43BD82A}"
EndProject
Project("{F184B08F-C81C-45F6-A57F-5ABD9991F28F}") = "ReportObjectsAshore", "ReportObjectsAshore\ReportObjectsAshore.vbproj", "{CF625293-79C4-42E8-9703-F6AEA46F0DB7}"
EndProject
Project("{F184B08F-C81C-45F6-A57F-5ABD9991F28F}") = "ReportObjectsHistory", "ReportObjectsHistory\ReportObjectsHistory.vbproj", "{9A7F2082-3EBE-43EE-B383-2AF9F1EE18CF}"
EndProject
Project("{F184B08F-C81C-45F6-A57F-5ABD9991F28F}") = "ReportObjectsIndividual", "ReportObjectsIndividual\ReportObjectsIndividual.vbproj", "{197B5BF5-1A01-46E5-825E-805484FA5B74}"
EndProject
Project("{F184B08F-C81C-45F6-A57F-5ABD9991F28F}") = "ReportObjectsOnboard", "ReportObjectsOnboard\ReportObjectsOnboard.vbproj", "{C4F4E3AD-E67E-4EA0-A6D9-AA5B885B6B08}"
EndProject
Project("{F184B08F-C81C-45F6-A57F-5ABD9991F28F}") = "ReportObjectsPlanning", "ReportObjectsPlanning\ReportObjectsPlanning.vbproj", "{4670ED7F-2D4C-4645-80E9-6F226EBD4817}"
EndProject
Project("{F184B08F-C81C-45F6-A57F-5ABD9991F28F}") = "Reports", "Reports\Reports.vbproj", "{E1583BCE-1D28-4B72-B7C3-A0D60625C291}"
EndProject
Project("{F184B08F-C81C-45F6-A57F-5ABD9991F28F}") = "Security", "Security\Security.vbproj", "{1DDE1B22-3DDC-4D1C-AEC6-ECC286074B3C}"
EndProject
Project("{F184B08F-C81C-45F6-A57F-5ABD9991F28F}") = "Utilities", "Utilities\Utilities.vbproj", "{97D36732-8014-4BCC-B8D5-A5506AB442DE}"
EndProject
Project("{F184B08F-C81C-45F6-A57F-5ABD9991F28F}") = "KPI", "KPI\KPI.vbproj", "{4BD0D70A-BB21-42EA-85D5-1F48357C507F}"
EndProject
Project("{F184B08F-C81C-45F6-A57F-5ABD9991F28F}") = "ReportObjectsPayroll", "ReportObjectsPayroll\ReportObjectsPayroll.vbproj", "{C0020EA7-C3D6-4EEB-B1F5-7BB81A14984D}"
EndProject
Project("{F184B08F-C81C-45F6-A57F-5ABD9991F28F}") = "UpdateManager", "UpdateManager\UpdateManager.vbproj", "{37BB6645-6209-417D-A2F7-ADF73898E736}"
EndProject
Project("{F184B08F-C81C-45F6-A57F-5ABD9991F28F}") = "ReportObjectsStatistics", "ReportObjectsStatistics\ReportObjectsStatistics.vbproj", "{124B0444-9A29-4763-B77E-7F96949DC34A}"
EndProject
Project("{F184B08F-C81C-45F6-A57F-5ABD9991F28F}") = "ReportAutoEmail", "ReportAutoEmail\ReportAutoEmail.vbproj", "{D7B2F3FD-081F-40DF-8684-C960EA20EF1F}"
EndProject
Project("{F184B08F-C81C-45F6-A57F-5ABD9991F28F}") = "ReportObjectsGovernment", "ReportObjectsGovernment\ReportObjectsGovernment.vbproj", "{07244505-41BE-4936-B2E1-0C919C381A31}"
EndProject
Project("{F184B08F-C81C-45F6-A57F-5ABD9991F28F}") = "zUtil", "zUtil\zUtil.vbproj", "{7F6083CD-EBE9-46CC-82E1-A379503D0092}"
EndProject
Project("{F184B08F-C81C-45F6-A57F-5ABD9991F28F}") = "zServiceUI", "zServiceUI\zServiceUI.vbproj", "{FE453CF2-950F-42DB-90FD-5B776EE896D5}"
EndProject
Project("{F184B08F-C81C-45F6-A57F-5ABD9991F28F}") = "zMPSService", "zMPSService\zMPSService.vbproj", "{FD67A61D-CB6E-495E-B2BF-3FC89B45F40F}"
EndProject
Project("{F184B08F-C81C-45F6-A57F-5ABD9991F28F}") = "zDataLayer", "zDataLayer\zDataLayer.vbproj", "{57399216-AA3B-45E4-89B3-0DBF045EF630}"
EndProject
Project("{F184B08F-C81C-45F6-A57F-5ABD9991F28F}") = "zBusiness", "zBusiness\zBusiness.vbproj", "{426AA40E-2738-41F4-A40A-AD70F9020422}"
EndProject
Project("{54435603-DBB4-11D2-8724-00A0C9A8B90C}") = "ServiceSetup", "ServiceSetup\ServiceSetup.vdproj", "{780154DD-BC1A-4CEF-8533-208DDC8B1B2C}"
EndProject
Project("{F184B08F-C81C-45F6-A57F-5ABD9991F28F}") = "ReportObjectsCompanySpecific", "ReportObjectsCompanySpecific\ReportObjectsCompanySpecific.vbproj", "{89261D5E-A60D-4048-96E5-6815E4ED9EB5}"
EndProject
Project("{F184B08F-C81C-45F6-A57F-5ABD9991F28F}") = "SetupCustomAction", "SetupCustomAction\SetupCustomAction.vbproj", "{EE654EC7-241A-45E1-9BE8-F186F33FB494}"
EndProject
Project("{F184B08F-C81C-45F6-A57F-5ABD9991F28F}") = "ReportAutoEmail_exe", "ReportAutoEmail_exe\ReportAutoEmail_exe.vbproj", "{8BC0D8B4-E957-494A-8E84-C77BCDD87209}"
EndProject
Project("{54435603-DBB4-11D2-8724-00A0C9A8B90C}") = "ReportAutoEmailSetup", "ReportAutoEmailSetup\ReportAutoEmailSetup.vdproj", "{C21F8B0F-BC9E-49B3-8F17-CDC71CB126A3}"
EndProject
Global
	GlobalSection(SolutionConfigurationPlatforms) = preSolution
		Debug|Any CPU = Debug|Any CPU
		Debug|Mixed Platforms = Debug|Mixed Platforms
		Debug|x64 = Debug|x64
		Debug|x86 = Debug|x86
		Release|Any CPU = Release|Any CPU
		Release|Mixed Platforms = Release|Mixed Platforms
		Release|x64 = Release|x64
		Release|x86 = Release|x86
	EndGlobalSection
	GlobalSection(ProjectConfigurationPlatforms) = postSolution
		{B5261098-77FC-4291-B3A7-A994EDDB92E4}.Debug|Any CPU.ActiveCfg = Debug
		{B5261098-77FC-4291-B3A7-A994EDDB92E4}.Debug|Mixed Platforms.ActiveCfg = Debug
		{B5261098-77FC-4291-B3A7-A994EDDB92E4}.Debug|x64.ActiveCfg = Debug
		{B5261098-77FC-4291-B3A7-A994EDDB92E4}.Debug|x64.Build.0 = Debug
		{B5261098-77FC-4291-B3A7-A994EDDB92E4}.Debug|x86.ActiveCfg = Debug
		{B5261098-77FC-4291-B3A7-A994EDDB92E4}.Release|Any CPU.ActiveCfg = Release
		{B5261098-77FC-4291-B3A7-A994EDDB92E4}.Release|Mixed Platforms.ActiveCfg = Release
		{B5261098-77FC-4291-B3A7-A994EDDB92E4}.Release|x64.ActiveCfg = Release
		{B5261098-77FC-4291-B3A7-A994EDDB92E4}.Release|x64.Build.0 = Release
		{B5261098-77FC-4291-B3A7-A994EDDB92E4}.Release|x86.ActiveCfg = Release
		{B394B1DC-2584-4C94-AEF5-5E2396D4375A}.Debug|Any CPU.ActiveCfg = Debug|Any CPU
		{B394B1DC-2584-4C94-AEF5-5E2396D4375A}.Debug|Any CPU.Build.0 = Debug|Any CPU
		{B394B1DC-2584-4C94-AEF5-5E2396D4375A}.Debug|Mixed Platforms.ActiveCfg = Debug|x86
		{B394B1DC-2584-4C94-AEF5-5E2396D4375A}.Debug|Mixed Platforms.Build.0 = Debug|x86
		{B394B1DC-2584-4C94-AEF5-5E2396D4375A}.Debug|x64.ActiveCfg = Debug|Any CPU
		{B394B1DC-2584-4C94-AEF5-5E2396D4375A}.Debug|x86.ActiveCfg = Debug|x86
		{B394B1DC-2584-4C94-AEF5-5E2396D4375A}.Debug|x86.Build.0 = Debug|x86
		{B394B1DC-2584-4C94-AEF5-5E2396D4375A}.Release|Any CPU.ActiveCfg = Release|Any CPU
		{B394B1DC-2584-4C94-AEF5-5E2396D4375A}.Release|Any CPU.Build.0 = Release|Any CPU
		{B394B1DC-2584-4C94-AEF5-5E2396D4375A}.Release|Mixed Platforms.ActiveCfg = Release|Any CPU
		{B394B1DC-2584-4C94-AEF5-5E2396D4375A}.Release|Mixed Platforms.Build.0 = Release|Any CPU
		{B394B1DC-2584-4C94-AEF5-5E2396D4375A}.Release|x64.ActiveCfg = Release|Any CPU
		{B394B1DC-2584-4C94-AEF5-5E2396D4375A}.Release|x86.ActiveCfg = Release|Any CPU
		{57FED7F8-13AD-4933-AA8E-C0EE2EA1F67C}.Debug|Any CPU.ActiveCfg = Debug|Any CPU
		{57FED7F8-13AD-4933-AA8E-C0EE2EA1F67C}.Debug|Any CPU.Build.0 = Debug|Any CPU
		{57FED7F8-13AD-4933-AA8E-C0EE2EA1F67C}.Debug|Mixed Platforms.ActiveCfg = Debug|x86
		{57FED7F8-13AD-4933-AA8E-C0EE2EA1F67C}.Debug|Mixed Platforms.Build.0 = Debug|x86
		{57FED7F8-13AD-4933-AA8E-C0EE2EA1F67C}.Debug|x64.ActiveCfg = Debug|Any CPU
		{57FED7F8-13AD-4933-AA8E-C0EE2EA1F67C}.Debug|x86.ActiveCfg = Debug|x86
		{57FED7F8-13AD-4933-AA8E-C0EE2EA1F67C}.Debug|x86.Build.0 = Debug|x86
		{57FED7F8-13AD-4933-AA8E-C0EE2EA1F67C}.Release|Any CPU.ActiveCfg = Release|Any CPU
		{57FED7F8-13AD-4933-AA8E-C0EE2EA1F67C}.Release|Any CPU.Build.0 = Release|Any CPU
		{57FED7F8-13AD-4933-AA8E-C0EE2EA1F67C}.Release|Mixed Platforms.ActiveCfg = Release|Any CPU
		{57FED7F8-13AD-4933-AA8E-C0EE2EA1F67C}.Release|Mixed Platforms.Build.0 = Release|Any CPU
		{57FED7F8-13AD-4933-AA8E-C0EE2EA1F67C}.Release|x64.ActiveCfg = Release|Any CPU
		{57FED7F8-13AD-4933-AA8E-C0EE2EA1F67C}.Release|x86.ActiveCfg = Release|Any CPU
		{103EC96E-9804-4FC0-8BD7-E1E19C5352AA}.Debug|Any CPU.ActiveCfg = Debug|Any CPU
		{103EC96E-9804-4FC0-8BD7-E1E19C5352AA}.Debug|Any CPU.Build.0 = Debug|Any CPU
		{103EC96E-9804-4FC0-8BD7-E1E19C5352AA}.Debug|Mixed Platforms.ActiveCfg = Debug|x86
		{103EC96E-9804-4FC0-8BD7-E1E19C5352AA}.Debug|Mixed Platforms.Build.0 = Debug|x86
		{103EC96E-9804-4FC0-8BD7-E1E19C5352AA}.Debug|x64.ActiveCfg = Debug|Any CPU
		{103EC96E-9804-4FC0-8BD7-E1E19C5352AA}.Debug|x86.ActiveCfg = Debug|x86
		{103EC96E-9804-4FC0-8BD7-E1E19C5352AA}.Debug|x86.Build.0 = Debug|x86
		{103EC96E-9804-4FC0-8BD7-E1E19C5352AA}.Release|Any CPU.ActiveCfg = Release|Any CPU
		{103EC96E-9804-4FC0-8BD7-E1E19C5352AA}.Release|Any CPU.Build.0 = Release|Any CPU
		{103EC96E-9804-4FC0-8BD7-E1E19C5352AA}.Release|Mixed Platforms.ActiveCfg = Release|Any CPU
		{103EC96E-9804-4FC0-8BD7-E1E19C5352AA}.Release|Mixed Platforms.Build.0 = Release|Any CPU
		{103EC96E-9804-4FC0-8BD7-E1E19C5352AA}.Release|x64.ActiveCfg = Release|Any CPU
		{103EC96E-9804-4FC0-8BD7-E1E19C5352AA}.Release|x86.ActiveCfg = Release|Any CPU
		{BBACC571-F809-4EBF-99CB-005AE277E08F}.Debug|Any CPU.ActiveCfg = Debug|Any CPU
		{BBACC571-F809-4EBF-99CB-005AE277E08F}.Debug|Any CPU.Build.0 = Debug|Any CPU
		{BBACC571-F809-4EBF-99CB-005AE277E08F}.Debug|Mixed Platforms.ActiveCfg = Debug|x86
		{BBACC571-F809-4EBF-99CB-005AE277E08F}.Debug|Mixed Platforms.Build.0 = Debug|x86
		{BBACC571-F809-4EBF-99CB-005AE277E08F}.Debug|x64.ActiveCfg = Debug|Any CPU
		{BBACC571-F809-4EBF-99CB-005AE277E08F}.Debug|x86.ActiveCfg = Debug|x86
		{BBACC571-F809-4EBF-99CB-005AE277E08F}.Debug|x86.Build.0 = Debug|x86
		{BBACC571-F809-4EBF-99CB-005AE277E08F}.Release|Any CPU.ActiveCfg = Release|Any CPU
		{BBACC571-F809-4EBF-99CB-005AE277E08F}.Release|Any CPU.Build.0 = Release|Any CPU
		{BBACC571-F809-4EBF-99CB-005AE277E08F}.Release|Mixed Platforms.ActiveCfg = Release|Any CPU
		{BBACC571-F809-4EBF-99CB-005AE277E08F}.Release|Mixed Platforms.Build.0 = Release|Any CPU
		{BBACC571-F809-4EBF-99CB-005AE277E08F}.Release|x64.ActiveCfg = Release|Any CPU
		{BBACC571-F809-4EBF-99CB-005AE277E08F}.Release|x86.ActiveCfg = Release|Any CPU
		{7E648496-804F-40C5-9D5A-25433928D910}.Debug|Any CPU.ActiveCfg = Debug|Any CPU
		{7E648496-804F-40C5-9D5A-25433928D910}.Debug|Any CPU.Build.0 = Debug|Any CPU
		{7E648496-804F-40C5-9D5A-25433928D910}.Debug|Mixed Platforms.ActiveCfg = Debug|x86
		{7E648496-804F-40C5-9D5A-25433928D910}.Debug|Mixed Platforms.Build.0 = Debug|x86
		{7E648496-804F-40C5-9D5A-25433928D910}.Debug|x64.ActiveCfg = Debug|Any CPU
		{7E648496-804F-40C5-9D5A-25433928D910}.Debug|x86.ActiveCfg = Debug|x86
		{7E648496-804F-40C5-9D5A-25433928D910}.Debug|x86.Build.0 = Debug|x86
		{7E648496-804F-40C5-9D5A-25433928D910}.Release|Any CPU.ActiveCfg = Release|Any CPU
		{7E648496-804F-40C5-9D5A-25433928D910}.Release|Any CPU.Build.0 = Release|Any CPU
		{7E648496-804F-40C5-9D5A-25433928D910}.Release|Mixed Platforms.ActiveCfg = Release|Any CPU
		{7E648496-804F-40C5-9D5A-25433928D910}.Release|Mixed Platforms.Build.0 = Release|Any CPU
		{7E648496-804F-40C5-9D5A-25433928D910}.Release|x64.ActiveCfg = Release|Any CPU
		{7E648496-804F-40C5-9D5A-25433928D910}.Release|x86.ActiveCfg = Release|Any CPU
		{BB2D4B5C-8199-43A3-BAB4-9059C08CCEB9}.Debug|Any CPU.ActiveCfg = Debug|Any CPU
		{BB2D4B5C-8199-43A3-BAB4-9059C08CCEB9}.Debug|Any CPU.Build.0 = Debug|Any CPU
		{BB2D4B5C-8199-43A3-BAB4-9059C08CCEB9}.Debug|Mixed Platforms.ActiveCfg = Debug|x86
		{BB2D4B5C-8199-43A3-BAB4-9059C08CCEB9}.Debug|Mixed Platforms.Build.0 = Debug|x86
		{BB2D4B5C-8199-43A3-BAB4-9059C08CCEB9}.Debug|x64.ActiveCfg = Debug|Any CPU
		{BB2D4B5C-8199-43A3-BAB4-9059C08CCEB9}.Debug|x86.ActiveCfg = Debug|x86
		{BB2D4B5C-8199-43A3-BAB4-9059C08CCEB9}.Debug|x86.Build.0 = Debug|x86
		{BB2D4B5C-8199-43A3-BAB4-9059C08CCEB9}.Release|Any CPU.ActiveCfg = Release|Any CPU
		{BB2D4B5C-8199-43A3-BAB4-9059C08CCEB9}.Release|Any CPU.Build.0 = Release|Any CPU
		{BB2D4B5C-8199-43A3-BAB4-9059C08CCEB9}.Release|Mixed Platforms.ActiveCfg = Release|Any CPU
		{BB2D4B5C-8199-43A3-BAB4-9059C08CCEB9}.Release|Mixed Platforms.Build.0 = Release|Any CPU
		{BB2D4B5C-8199-43A3-BAB4-9059C08CCEB9}.Release|x64.ActiveCfg = Release|Any CPU
		{BB2D4B5C-8199-43A3-BAB4-9059C08CCEB9}.Release|x86.ActiveCfg = Release|Any CPU
		{F63A1466-B1B7-4662-95BB-CE61EAEA356B}.Debug|Any CPU.ActiveCfg = Debug|Any CPU
		{F63A1466-B1B7-4662-95BB-CE61EAEA356B}.Debug|Any CPU.Build.0 = Debug|Any CPU
		{F63A1466-B1B7-4662-95BB-CE61EAEA356B}.Debug|Mixed Platforms.ActiveCfg = Debug|x86
		{F63A1466-B1B7-4662-95BB-CE61EAEA356B}.Debug|Mixed Platforms.Build.0 = Debug|x86
		{F63A1466-B1B7-4662-95BB-CE61EAEA356B}.Debug|x64.ActiveCfg = Debug|Any CPU
		{F63A1466-B1B7-4662-95BB-CE61EAEA356B}.Debug|x86.ActiveCfg = Debug|x86
		{F63A1466-B1B7-4662-95BB-CE61EAEA356B}.Debug|x86.Build.0 = Debug|x86
		{F63A1466-B1B7-4662-95BB-CE61EAEA356B}.Release|Any CPU.ActiveCfg = Release|Any CPU
		{F63A1466-B1B7-4662-95BB-CE61EAEA356B}.Release|Any CPU.Build.0 = Release|Any CPU
		{F63A1466-B1B7-4662-95BB-CE61EAEA356B}.Release|Mixed Platforms.ActiveCfg = Release|Any CPU
		{F63A1466-B1B7-4662-95BB-CE61EAEA356B}.Release|Mixed Platforms.Build.0 = Release|Any CPU
		{F63A1466-B1B7-4662-95BB-CE61EAEA356B}.Release|x64.ActiveCfg = Release|Any CPU
		{F63A1466-B1B7-4662-95BB-CE61EAEA356B}.Release|x86.ActiveCfg = Release|Any CPU
		{D8BCE451-202C-4ED3-B18E-BCE89B6CDB8C}.Debug|Any CPU.ActiveCfg = Debug|Any CPU
		{D8BCE451-202C-4ED3-B18E-BCE89B6CDB8C}.Debug|Any CPU.Build.0 = Debug|Any CPU
		{D8BCE451-202C-4ED3-B18E-BCE89B6CDB8C}.Debug|Mixed Platforms.ActiveCfg = Debug|x86
		{D8BCE451-202C-4ED3-B18E-BCE89B6CDB8C}.Debug|Mixed Platforms.Build.0 = Debug|x86
		{D8BCE451-202C-4ED3-B18E-BCE89B6CDB8C}.Debug|x64.ActiveCfg = Debug|Any CPU
		{D8BCE451-202C-4ED3-B18E-BCE89B6CDB8C}.Debug|x86.ActiveCfg = Debug|x86
		{D8BCE451-202C-4ED3-B18E-BCE89B6CDB8C}.Debug|x86.Build.0 = Debug|x86
		{D8BCE451-202C-4ED3-B18E-BCE89B6CDB8C}.Release|Any CPU.ActiveCfg = Release|Any CPU
		{D8BCE451-202C-4ED3-B18E-BCE89B6CDB8C}.Release|Any CPU.Build.0 = Release|Any CPU
		{D8BCE451-202C-4ED3-B18E-BCE89B6CDB8C}.Release|Mixed Platforms.ActiveCfg = Release|Any CPU
		{D8BCE451-202C-4ED3-B18E-BCE89B6CDB8C}.Release|Mixed Platforms.Build.0 = Release|Any CPU
		{D8BCE451-202C-4ED3-B18E-BCE89B6CDB8C}.Release|x64.ActiveCfg = Release|Any CPU
		{D8BCE451-202C-4ED3-B18E-BCE89B6CDB8C}.Release|x86.ActiveCfg = Release|Any CPU
		{13ECA2FF-8CAB-4DC2-8C44-999B1E2BB952}.Debug|Any CPU.ActiveCfg = Debug|Any CPU
		{13ECA2FF-8CAB-4DC2-8C44-999B1E2BB952}.Debug|Any CPU.Build.0 = Debug|Any CPU
		{13ECA2FF-8CAB-4DC2-8C44-999B1E2BB952}.Debug|Mixed Platforms.ActiveCfg = Debug|x86
		{13ECA2FF-8CAB-4DC2-8C44-999B1E2BB952}.Debug|Mixed Platforms.Build.0 = Debug|x86
		{13ECA2FF-8CAB-4DC2-8C44-999B1E2BB952}.Debug|x64.ActiveCfg = Debug|Any CPU
		{13ECA2FF-8CAB-4DC2-8C44-999B1E2BB952}.Debug|x86.ActiveCfg = Debug|x86
		{13ECA2FF-8CAB-4DC2-8C44-999B1E2BB952}.Debug|x86.Build.0 = Debug|x86
		{13ECA2FF-8CAB-4DC2-8C44-999B1E2BB952}.Release|Any CPU.ActiveCfg = Release|Any CPU
		{13ECA2FF-8CAB-4DC2-8C44-999B1E2BB952}.Release|Any CPU.Build.0 = Release|Any CPU
		{13ECA2FF-8CAB-4DC2-8C44-999B1E2BB952}.Release|Mixed Platforms.ActiveCfg = Release|Any CPU
		{13ECA2FF-8CAB-4DC2-8C44-999B1E2BB952}.Release|Mixed Platforms.Build.0 = Release|Any CPU
		{13ECA2FF-8CAB-4DC2-8C44-999B1E2BB952}.Release|x64.ActiveCfg = Release|Any CPU
		{13ECA2FF-8CAB-4DC2-8C44-999B1E2BB952}.Release|x86.ActiveCfg = Release|Any CPU
		{E91F2368-8844-400B-9CED-26CAF79AB569}.Debug|Any CPU.ActiveCfg = Debug|Any CPU
		{E91F2368-8844-400B-9CED-26CAF79AB569}.Debug|Any CPU.Build.0 = Debug|Any CPU
		{E91F2368-8844-400B-9CED-26CAF79AB569}.Debug|Mixed Platforms.ActiveCfg = Debug|x86
		{E91F2368-8844-400B-9CED-26CAF79AB569}.Debug|Mixed Platforms.Build.0 = Debug|x86
		{E91F2368-8844-400B-9CED-26CAF79AB569}.Debug|x64.ActiveCfg = Debug|Any CPU
		{E91F2368-8844-400B-9CED-26CAF79AB569}.Debug|x86.ActiveCfg = Debug|x86
		{E91F2368-8844-400B-9CED-26CAF79AB569}.Debug|x86.Build.0 = Debug|x86
		{E91F2368-8844-400B-9CED-26CAF79AB569}.Release|Any CPU.ActiveCfg = Release|Any CPU
		{E91F2368-8844-400B-9CED-26CAF79AB569}.Release|Any CPU.Build.0 = Release|Any CPU
		{E91F2368-8844-400B-9CED-26CAF79AB569}.Release|Mixed Platforms.ActiveCfg = Release|Any CPU
		{E91F2368-8844-400B-9CED-26CAF79AB569}.Release|Mixed Platforms.Build.0 = Release|Any CPU
		{E91F2368-8844-400B-9CED-26CAF79AB569}.Release|x64.ActiveCfg = Release|Any CPU
		{E91F2368-8844-400B-9CED-26CAF79AB569}.Release|x86.ActiveCfg = Release|Any CPU
		{68C0D40B-36F6-43C4-B5C3-C8E8C5D2CBD7}.Debug|Any CPU.ActiveCfg = Debug|Any CPU
		{68C0D40B-36F6-43C4-B5C3-C8E8C5D2CBD7}.Debug|Any CPU.Build.0 = Debug|Any CPU
		{68C0D40B-36F6-43C4-B5C3-C8E8C5D2CBD7}.Debug|Mixed Platforms.ActiveCfg = Debug|x86
		{68C0D40B-36F6-43C4-B5C3-C8E8C5D2CBD7}.Debug|Mixed Platforms.Build.0 = Debug|x86
		{68C0D40B-36F6-43C4-B5C3-C8E8C5D2CBD7}.Debug|x64.ActiveCfg = Debug|Any CPU
		{68C0D40B-36F6-43C4-B5C3-C8E8C5D2CBD7}.Debug|x86.ActiveCfg = Debug|x86
		{68C0D40B-36F6-43C4-B5C3-C8E8C5D2CBD7}.Debug|x86.Build.0 = Debug|x86
		{68C0D40B-36F6-43C4-B5C3-C8E8C5D2CBD7}.Release|Any CPU.ActiveCfg = Release|Any CPU
		{68C0D40B-36F6-43C4-B5C3-C8E8C5D2CBD7}.Release|Any CPU.Build.0 = Release|Any CPU
		{68C0D40B-36F6-43C4-B5C3-C8E8C5D2CBD7}.Release|Mixed Platforms.ActiveCfg = Release|Any CPU
		{68C0D40B-36F6-43C4-B5C3-C8E8C5D2CBD7}.Release|Mixed Platforms.Build.0 = Release|Any CPU
		{68C0D40B-36F6-43C4-B5C3-C8E8C5D2CBD7}.Release|x64.ActiveCfg = Release|Any CPU
		{68C0D40B-36F6-43C4-B5C3-C8E8C5D2CBD7}.Release|x86.ActiveCfg = Release|Any CPU
		{711A7A88-53E2-450B-B360-1270D049276C}.Debug|Any CPU.ActiveCfg = Debug|Any CPU
		{711A7A88-53E2-450B-B360-1270D049276C}.Debug|Any CPU.Build.0 = Debug|Any CPU
		{711A7A88-53E2-450B-B360-1270D049276C}.Debug|Mixed Platforms.ActiveCfg = Debug|x86
		{711A7A88-53E2-450B-B360-1270D049276C}.Debug|Mixed Platforms.Build.0 = Debug|x86
		{711A7A88-53E2-450B-B360-1270D049276C}.Debug|x64.ActiveCfg = Debug|Any CPU
		{711A7A88-53E2-450B-B360-1270D049276C}.Debug|x86.ActiveCfg = Debug|x86
		{711A7A88-53E2-450B-B360-1270D049276C}.Debug|x86.Build.0 = Debug|x86
		{711A7A88-53E2-450B-B360-1270D049276C}.Release|Any CPU.ActiveCfg = Release|Any CPU
		{711A7A88-53E2-450B-B360-1270D049276C}.Release|Any CPU.Build.0 = Release|Any CPU
		{711A7A88-53E2-450B-B360-1270D049276C}.Release|Mixed Platforms.ActiveCfg = Release|Any CPU
		{711A7A88-53E2-450B-B360-1270D049276C}.Release|Mixed Platforms.Build.0 = Release|Any CPU
		{711A7A88-53E2-450B-B360-1270D049276C}.Release|x64.ActiveCfg = Release|Any CPU
		{711A7A88-53E2-450B-B360-1270D049276C}.Release|x86.ActiveCfg = Release|Any CPU
		{DC35A904-62B4-4FBB-B359-41B0FA398F32}.Debug|Any CPU.ActiveCfg = Debug|Any CPU
		{DC35A904-62B4-4FBB-B359-41B0FA398F32}.Debug|Any CPU.Build.0 = Debug|Any CPU
		{DC35A904-62B4-4FBB-B359-41B0FA398F32}.Debug|Mixed Platforms.ActiveCfg = Debug|x86
		{DC35A904-62B4-4FBB-B359-41B0FA398F32}.Debug|Mixed Platforms.Build.0 = Debug|x86
		{DC35A904-62B4-4FBB-B359-41B0FA398F32}.Debug|x64.ActiveCfg = Debug|Any CPU
		{DC35A904-62B4-4FBB-B359-41B0FA398F32}.Debug|x86.ActiveCfg = Debug|x86
		{DC35A904-62B4-4FBB-B359-41B0FA398F32}.Debug|x86.Build.0 = Debug|x86
		{DC35A904-62B4-4FBB-B359-41B0FA398F32}.Release|Any CPU.ActiveCfg = Release|Any CPU
		{DC35A904-62B4-4FBB-B359-41B0FA398F32}.Release|Any CPU.Build.0 = Release|Any CPU
		{DC35A904-62B4-4FBB-B359-41B0FA398F32}.Release|Mixed Platforms.ActiveCfg = Release|Any CPU
		{DC35A904-62B4-4FBB-B359-41B0FA398F32}.Release|Mixed Platforms.Build.0 = Release|Any CPU
		{DC35A904-62B4-4FBB-B359-41B0FA398F32}.Release|x64.ActiveCfg = Release|Any CPU
		{DC35A904-62B4-4FBB-B359-41B0FA398F32}.Release|x86.ActiveCfg = Release|Any CPU
		{60F7779D-C030-4B9A-B7D0-8264DC2EFAEB}.Debug|Any CPU.ActiveCfg = Debug|Any CPU
		{60F7779D-C030-4B9A-B7D0-8264DC2EFAEB}.Debug|Any CPU.Build.0 = Debug|Any CPU
		{60F7779D-C030-4B9A-B7D0-8264DC2EFAEB}.Debug|Mixed Platforms.ActiveCfg = Debug|x86
		{60F7779D-C030-4B9A-B7D0-8264DC2EFAEB}.Debug|Mixed Platforms.Build.0 = Debug|x86
		{60F7779D-C030-4B9A-B7D0-8264DC2EFAEB}.Debug|x64.ActiveCfg = Debug|Any CPU
		{60F7779D-C030-4B9A-B7D0-8264DC2EFAEB}.Debug|x86.ActiveCfg = Debug|x86
		{60F7779D-C030-4B9A-B7D0-8264DC2EFAEB}.Debug|x86.Build.0 = Debug|x86
		{60F7779D-C030-4B9A-B7D0-8264DC2EFAEB}.Release|Any CPU.ActiveCfg = Release|Any CPU
		{60F7779D-C030-4B9A-B7D0-8264DC2EFAEB}.Release|Any CPU.Build.0 = Release|Any CPU
		{60F7779D-C030-4B9A-B7D0-8264DC2EFAEB}.Release|Mixed Platforms.ActiveCfg = Release|Any CPU
		{60F7779D-C030-4B9A-B7D0-8264DC2EFAEB}.Release|Mixed Platforms.Build.0 = Release|Any CPU
		{60F7779D-C030-4B9A-B7D0-8264DC2EFAEB}.Release|x64.ActiveCfg = Release|Any CPU
		{60F7779D-C030-4B9A-B7D0-8264DC2EFAEB}.Release|x86.ActiveCfg = Release|Any CPU
		{6D7C477B-7951-4674-8912-988FCA6C89D3}.Debug|Any CPU.ActiveCfg = Debug|Any CPU
		{6D7C477B-7951-4674-8912-988FCA6C89D3}.Debug|Any CPU.Build.0 = Debug|Any CPU
		{6D7C477B-7951-4674-8912-988FCA6C89D3}.Debug|Mixed Platforms.ActiveCfg = Debug|x86
		{6D7C477B-7951-4674-8912-988FCA6C89D3}.Debug|Mixed Platforms.Build.0 = Debug|x86
		{6D7C477B-7951-4674-8912-988FCA6C89D3}.Debug|x64.ActiveCfg = Debug|x64
		{6D7C477B-7951-4674-8912-988FCA6C89D3}.Debug|x64.Build.0 = Debug|x64
		{6D7C477B-7951-4674-8912-988FCA6C89D3}.Debug|x86.ActiveCfg = Debug|x86
		{6D7C477B-7951-4674-8912-988FCA6C89D3}.Debug|x86.Build.0 = Debug|x86
		{6D7C477B-7951-4674-8912-988FCA6C89D3}.Release|Any CPU.ActiveCfg = Release|Any CPU
		{6D7C477B-7951-4674-8912-988FCA6C89D3}.Release|Any CPU.Build.0 = Release|Any CPU
		{6D7C477B-7951-4674-8912-988FCA6C89D3}.Release|Mixed Platforms.ActiveCfg = Release|x64
		{6D7C477B-7951-4674-8912-988FCA6C89D3}.Release|Mixed Platforms.Build.0 = Release|x64
		{6D7C477B-7951-4674-8912-988FCA6C89D3}.Release|x64.ActiveCfg = Release|x64
		{6D7C477B-7951-4674-8912-988FCA6C89D3}.Release|x64.Build.0 = Release|x64
		{6D7C477B-7951-4674-8912-988FCA6C89D3}.Release|x86.ActiveCfg = Release|x64
		{C096B102-0A25-4E16-9863-2D63677C7CB7}.Debug|Any CPU.ActiveCfg = Debug|Any CPU
		{C096B102-0A25-4E16-9863-2D63677C7CB7}.Debug|Any CPU.Build.0 = Debug|Any CPU
		{C096B102-0A25-4E16-9863-2D63677C7CB7}.Debug|Mixed Platforms.ActiveCfg = Debug|x86
		{C096B102-0A25-4E16-9863-2D63677C7CB7}.Debug|Mixed Platforms.Build.0 = Debug|x86
		{C096B102-0A25-4E16-9863-2D63677C7CB7}.Debug|x64.ActiveCfg = Debug|x86
		{C096B102-0A25-4E16-9863-2D63677C7CB7}.Debug|x86.ActiveCfg = Debug|x86
		{C096B102-0A25-4E16-9863-2D63677C7CB7}.Debug|x86.Build.0 = Debug|x86
		{C096B102-0A25-4E16-9863-2D63677C7CB7}.Release|Any CPU.ActiveCfg = Release|Any CPU
		{C096B102-0A25-4E16-9863-2D63677C7CB7}.Release|Any CPU.Build.0 = Release|Any CPU
		{C096B102-0A25-4E16-9863-2D63677C7CB7}.Release|Mixed Platforms.ActiveCfg = Release|x86
		{C096B102-0A25-4E16-9863-2D63677C7CB7}.Release|Mixed Platforms.Build.0 = Release|x86
		{C096B102-0A25-4E16-9863-2D63677C7CB7}.Release|x64.ActiveCfg = Release|x86
		{C096B102-0A25-4E16-9863-2D63677C7CB7}.Release|x86.ActiveCfg = Release|x86
		{C096B102-0A25-4E16-9863-2D63677C7CB7}.Release|x86.Build.0 = Release|x86
		{D0CDCD9F-2ECB-4133-8632-98ED2604D69D}.Debug|Any CPU.ActiveCfg = Debug|Any CPU
		{D0CDCD9F-2ECB-4133-8632-98ED2604D69D}.Debug|Any CPU.Build.0 = Debug|Any CPU
		{D0CDCD9F-2ECB-4133-8632-98ED2604D69D}.Debug|Mixed Platforms.ActiveCfg = Debug|x86
		{D0CDCD9F-2ECB-4133-8632-98ED2604D69D}.Debug|Mixed Platforms.Build.0 = Debug|x86
		{D0CDCD9F-2ECB-4133-8632-98ED2604D69D}.Debug|x64.ActiveCfg = Debug|Any CPU
		{D0CDCD9F-2ECB-4133-8632-98ED2604D69D}.Debug|x86.ActiveCfg = Debug|x86
		{D0CDCD9F-2ECB-4133-8632-98ED2604D69D}.Debug|x86.Build.0 = Debug|x86
		{D0CDCD9F-2ECB-4133-8632-98ED2604D69D}.Release|Any CPU.ActiveCfg = Release|Any CPU
		{D0CDCD9F-2ECB-4133-8632-98ED2604D69D}.Release|Any CPU.Build.0 = Release|Any CPU
		{D0CDCD9F-2ECB-4133-8632-98ED2604D69D}.Release|Mixed Platforms.ActiveCfg = Release|Any CPU
		{D0CDCD9F-2ECB-4133-8632-98ED2604D69D}.Release|Mixed Platforms.Build.0 = Release|Any CPU
		{D0CDCD9F-2ECB-4133-8632-98ED2604D69D}.Release|x64.ActiveCfg = Release|Any CPU
		{D0CDCD9F-2ECB-4133-8632-98ED2604D69D}.Release|x86.ActiveCfg = Release|Any CPU
		{B378CC8D-6107-4BF9-A589-69716516AE40}.Debug|Any CPU.ActiveCfg = Debug|Any CPU
		{B378CC8D-6107-4BF9-A589-69716516AE40}.Debug|Any CPU.Build.0 = Debug|Any CPU
		{B378CC8D-6107-4BF9-A589-69716516AE40}.Debug|Mixed Platforms.ActiveCfg = Debug|x86
		{B378CC8D-6107-4BF9-A589-69716516AE40}.Debug|Mixed Platforms.Build.0 = Debug|x86
		{B378CC8D-6107-4BF9-A589-69716516AE40}.Debug|x64.ActiveCfg = Debug|x86
		{B378CC8D-6107-4BF9-A589-69716516AE40}.Debug|x86.ActiveCfg = Debug|x86
		{B378CC8D-6107-4BF9-A589-69716516AE40}.Debug|x86.Build.0 = Debug|x86
		{B378CC8D-6107-4BF9-A589-69716516AE40}.Release|Any CPU.ActiveCfg = Release|Any CPU
		{B378CC8D-6107-4BF9-A589-69716516AE40}.Release|Any CPU.Build.0 = Release|Any CPU
		{B378CC8D-6107-4BF9-A589-69716516AE40}.Release|Mixed Platforms.ActiveCfg = Release|Any CPU
		{B378CC8D-6107-4BF9-A589-69716516AE40}.Release|Mixed Platforms.Build.0 = Release|Any CPU
		{B378CC8D-6107-4BF9-A589-69716516AE40}.Release|x64.ActiveCfg = Release|x86
		{B378CC8D-6107-4BF9-A589-69716516AE40}.Release|x86.ActiveCfg = Release|x86
		{B378CC8D-6107-4BF9-A589-69716516AE40}.Release|x86.Build.0 = Release|x86
		{1C8902E9-B530-48C9-8921-A399F43BD82A}.Debug|Any CPU.ActiveCfg = Debug|Any CPU
		{1C8902E9-B530-48C9-8921-A399F43BD82A}.Debug|Any CPU.Build.0 = Debug|Any CPU
		{1C8902E9-B530-48C9-8921-A399F43BD82A}.Debug|Mixed Platforms.ActiveCfg = Debug|x86
		{1C8902E9-B530-48C9-8921-A399F43BD82A}.Debug|Mixed Platforms.Build.0 = Debug|x86
		{1C8902E9-B530-48C9-8921-A399F43BD82A}.Debug|x64.ActiveCfg = Debug|Any CPU
		{1C8902E9-B530-48C9-8921-A399F43BD82A}.Debug|x86.ActiveCfg = Debug|x86
		{1C8902E9-B530-48C9-8921-A399F43BD82A}.Debug|x86.Build.0 = Debug|x86
		{1C8902E9-B530-48C9-8921-A399F43BD82A}.Release|Any CPU.ActiveCfg = Release|Any CPU
		{1C8902E9-B530-48C9-8921-A399F43BD82A}.Release|Any CPU.Build.0 = Release|Any CPU
		{1C8902E9-B530-48C9-8921-A399F43BD82A}.Release|Mixed Platforms.ActiveCfg = Release|Any CPU
		{1C8902E9-B530-48C9-8921-A399F43BD82A}.Release|Mixed Platforms.Build.0 = Release|Any CPU
		{1C8902E9-B530-48C9-8921-A399F43BD82A}.Release|x64.ActiveCfg = Release|Any CPU
		{1C8902E9-B530-48C9-8921-A399F43BD82A}.Release|x86.ActiveCfg = Release|Any CPU
		{CF625293-79C4-42E8-9703-F6AEA46F0DB7}.Debug|Any CPU.ActiveCfg = Debug|Any CPU
		{CF625293-79C4-42E8-9703-F6AEA46F0DB7}.Debug|Any CPU.Build.0 = Debug|Any CPU
		{CF625293-79C4-42E8-9703-F6AEA46F0DB7}.Debug|Mixed Platforms.ActiveCfg = Debug|x86
		{CF625293-79C4-42E8-9703-F6AEA46F0DB7}.Debug|Mixed Platforms.Build.0 = Debug|x86
		{CF625293-79C4-42E8-9703-F6AEA46F0DB7}.Debug|x64.ActiveCfg = Debug|x86
		{CF625293-79C4-42E8-9703-F6AEA46F0DB7}.Debug|x86.ActiveCfg = Debug|x86
		{CF625293-79C4-42E8-9703-F6AEA46F0DB7}.Debug|x86.Build.0 = Debug|x86
		{CF625293-79C4-42E8-9703-F6AEA46F0DB7}.Release|Any CPU.ActiveCfg = Release|Any CPU
		{CF625293-79C4-42E8-9703-F6AEA46F0DB7}.Release|Any CPU.Build.0 = Release|Any CPU
		{CF625293-79C4-42E8-9703-F6AEA46F0DB7}.Release|Mixed Platforms.ActiveCfg = Release|Any CPU
		{CF625293-79C4-42E8-9703-F6AEA46F0DB7}.Release|Mixed Platforms.Build.0 = Release|Any CPU
		{CF625293-79C4-42E8-9703-F6AEA46F0DB7}.Release|x64.ActiveCfg = Release|x86
		{CF625293-79C4-42E8-9703-F6AEA46F0DB7}.Release|x86.ActiveCfg = Release|x86
		{CF625293-79C4-42E8-9703-F6AEA46F0DB7}.Release|x86.Build.0 = Release|x86
		{9A7F2082-3EBE-43EE-B383-2AF9F1EE18CF}.Debug|Any CPU.ActiveCfg = Debug|Any CPU
		{9A7F2082-3EBE-43EE-B383-2AF9F1EE18CF}.Debug|Any CPU.Build.0 = Debug|Any CPU
		{9A7F2082-3EBE-43EE-B383-2AF9F1EE18CF}.Debug|Mixed Platforms.ActiveCfg = Debug|x86
		{9A7F2082-3EBE-43EE-B383-2AF9F1EE18CF}.Debug|Mixed Platforms.Build.0 = Debug|x86
		{9A7F2082-3EBE-43EE-B383-2AF9F1EE18CF}.Debug|x64.ActiveCfg = Debug|Any CPU
		{9A7F2082-3EBE-43EE-B383-2AF9F1EE18CF}.Debug|x86.ActiveCfg = Debug|x86
		{9A7F2082-3EBE-43EE-B383-2AF9F1EE18CF}.Debug|x86.Build.0 = Debug|x86
		{9A7F2082-3EBE-43EE-B383-2AF9F1EE18CF}.Release|Any CPU.ActiveCfg = Release|Any CPU
		{9A7F2082-3EBE-43EE-B383-2AF9F1EE18CF}.Release|Any CPU.Build.0 = Release|Any CPU
		{9A7F2082-3EBE-43EE-B383-2AF9F1EE18CF}.Release|Mixed Platforms.ActiveCfg = Release|Any CPU
		{9A7F2082-3EBE-43EE-B383-2AF9F1EE18CF}.Release|Mixed Platforms.Build.0 = Release|Any CPU
		{9A7F2082-3EBE-43EE-B383-2AF9F1EE18CF}.Release|x64.ActiveCfg = Release|Any CPU
		{9A7F2082-3EBE-43EE-B383-2AF9F1EE18CF}.Release|x86.ActiveCfg = Release|Any CPU
		{197B5BF5-1A01-46E5-825E-805484FA5B74}.Debug|Any CPU.ActiveCfg = Debug|Any CPU
		{197B5BF5-1A01-46E5-825E-805484FA5B74}.Debug|Any CPU.Build.0 = Debug|Any CPU
		{197B5BF5-1A01-46E5-825E-805484FA5B74}.Debug|Mixed Platforms.ActiveCfg = Debug|x86
		{197B5BF5-1A01-46E5-825E-805484FA5B74}.Debug|Mixed Platforms.Build.0 = Debug|x86
		{197B5BF5-1A01-46E5-825E-805484FA5B74}.Debug|x64.ActiveCfg = Debug|Any CPU
		{197B5BF5-1A01-46E5-825E-805484FA5B74}.Debug|x86.ActiveCfg = Debug|x86
		{197B5BF5-1A01-46E5-825E-805484FA5B74}.Debug|x86.Build.0 = Debug|x86
		{197B5BF5-1A01-46E5-825E-805484FA5B74}.Release|Any CPU.ActiveCfg = Release|Any CPU
		{197B5BF5-1A01-46E5-825E-805484FA5B74}.Release|Any CPU.Build.0 = Release|Any CPU
		{197B5BF5-1A01-46E5-825E-805484FA5B74}.Release|Mixed Platforms.ActiveCfg = Release|Any CPU
		{197B5BF5-1A01-46E5-825E-805484FA5B74}.Release|Mixed Platforms.Build.0 = Release|Any CPU
		{197B5BF5-1A01-46E5-825E-805484FA5B74}.Release|x64.ActiveCfg = Release|Any CPU
		{197B5BF5-1A01-46E5-825E-805484FA5B74}.Release|x86.ActiveCfg = Release|Any CPU
		{C4F4E3AD-E67E-4EA0-A6D9-AA5B885B6B08}.Debug|Any CPU.ActiveCfg = Debug|Any CPU
		{C4F4E3AD-E67E-4EA0-A6D9-AA5B885B6B08}.Debug|Any CPU.Build.0 = Debug|Any CPU
		{C4F4E3AD-E67E-4EA0-A6D9-AA5B885B6B08}.Debug|Mixed Platforms.ActiveCfg = Debug|x86
		{C4F4E3AD-E67E-4EA0-A6D9-AA5B885B6B08}.Debug|Mixed Platforms.Build.0 = Debug|x86
		{C4F4E3AD-E67E-4EA0-A6D9-AA5B885B6B08}.Debug|x64.ActiveCfg = Debug|x86
		{C4F4E3AD-E67E-4EA0-A6D9-AA5B885B6B08}.Debug|x86.ActiveCfg = Debug|x86
		{C4F4E3AD-E67E-4EA0-A6D9-AA5B885B6B08}.Debug|x86.Build.0 = Debug|x86
		{C4F4E3AD-E67E-4EA0-A6D9-AA5B885B6B08}.Release|Any CPU.ActiveCfg = Release|Any CPU
		{C4F4E3AD-E67E-4EA0-A6D9-AA5B885B6B08}.Release|Any CPU.Build.0 = Release|Any CPU
		{C4F4E3AD-E67E-4EA0-A6D9-AA5B885B6B08}.Release|Mixed Platforms.ActiveCfg = Release|Any CPU
		{C4F4E3AD-E67E-4EA0-A6D9-AA5B885B6B08}.Release|Mixed Platforms.Build.0 = Release|Any CPU
		{C4F4E3AD-E67E-4EA0-A6D9-AA5B885B6B08}.Release|x64.ActiveCfg = Release|x86
		{C4F4E3AD-E67E-4EA0-A6D9-AA5B885B6B08}.Release|x86.ActiveCfg = Release|x86
		{C4F4E3AD-E67E-4EA0-A6D9-AA5B885B6B08}.Release|x86.Build.0 = Release|x86
		{4670ED7F-2D4C-4645-80E9-6F226EBD4817}.Debug|Any CPU.ActiveCfg = Debug|Any CPU
		{4670ED7F-2D4C-4645-80E9-6F226EBD4817}.Debug|Any CPU.Build.0 = Debug|Any CPU
		{4670ED7F-2D4C-4645-80E9-6F226EBD4817}.Debug|Mixed Platforms.ActiveCfg = Debug|x86
		{4670ED7F-2D4C-4645-80E9-6F226EBD4817}.Debug|Mixed Platforms.Build.0 = Debug|x86
		{4670ED7F-2D4C-4645-80E9-6F226EBD4817}.Debug|x64.ActiveCfg = Debug|Any CPU
		{4670ED7F-2D4C-4645-80E9-6F226EBD4817}.Debug|x86.ActiveCfg = Debug|x86
		{4670ED7F-2D4C-4645-80E9-6F226EBD4817}.Debug|x86.Build.0 = Debug|x86
		{4670ED7F-2D4C-4645-80E9-6F226EBD4817}.Release|Any CPU.ActiveCfg = Release|Any CPU
		{4670ED7F-2D4C-4645-80E9-6F226EBD4817}.Release|Any CPU.Build.0 = Release|Any CPU
		{4670ED7F-2D4C-4645-80E9-6F226EBD4817}.Release|Mixed Platforms.ActiveCfg = Release|Any CPU
		{4670ED7F-2D4C-4645-80E9-6F226EBD4817}.Release|Mixed Platforms.Build.0 = Release|Any CPU
		{4670ED7F-2D4C-4645-80E9-6F226EBD4817}.Release|x64.ActiveCfg = Release|Any CPU
		{4670ED7F-2D4C-4645-80E9-6F226EBD4817}.Release|x86.ActiveCfg = Release|Any CPU
		{E1583BCE-1D28-4B72-B7C3-A0D60625C291}.Debug|Any CPU.ActiveCfg = Debug|Any CPU
		{E1583BCE-1D28-4B72-B7C3-A0D60625C291}.Debug|Any CPU.Build.0 = Debug|Any CPU
		{E1583BCE-1D28-4B72-B7C3-A0D60625C291}.Debug|Mixed Platforms.ActiveCfg = Debug|x86
		{E1583BCE-1D28-4B72-B7C3-A0D60625C291}.Debug|Mixed Platforms.Build.0 = Debug|x86
		{E1583BCE-1D28-4B72-B7C3-A0D60625C291}.Debug|x64.ActiveCfg = Debug|x86
		{E1583BCE-1D28-4B72-B7C3-A0D60625C291}.Debug|x86.ActiveCfg = Debug|x86
		{E1583BCE-1D28-4B72-B7C3-A0D60625C291}.Debug|x86.Build.0 = Debug|x86
		{E1583BCE-1D28-4B72-B7C3-A0D60625C291}.Release|Any CPU.ActiveCfg = Release|Any CPU
		{E1583BCE-1D28-4B72-B7C3-A0D60625C291}.Release|Any CPU.Build.0 = Release|Any CPU
		{E1583BCE-1D28-4B72-B7C3-A0D60625C291}.Release|Mixed Platforms.ActiveCfg = Release|Any CPU
		{E1583BCE-1D28-4B72-B7C3-A0D60625C291}.Release|Mixed Platforms.Build.0 = Release|Any CPU
		{E1583BCE-1D28-4B72-B7C3-A0D60625C291}.Release|x64.ActiveCfg = Release|x86
		{E1583BCE-1D28-4B72-B7C3-A0D60625C291}.Release|x86.ActiveCfg = Release|x86
		{E1583BCE-1D28-4B72-B7C3-A0D60625C291}.Release|x86.Build.0 = Release|x86
		{1DDE1B22-3DDC-4D1C-AEC6-ECC286074B3C}.Debug|Any CPU.ActiveCfg = Debug|Any CPU
		{1DDE1B22-3DDC-4D1C-AEC6-ECC286074B3C}.Debug|Any CPU.Build.0 = Debug|Any CPU
		{1DDE1B22-3DDC-4D1C-AEC6-ECC286074B3C}.Debug|Mixed Platforms.ActiveCfg = Debug|x86
		{1DDE1B22-3DDC-4D1C-AEC6-ECC286074B3C}.Debug|Mixed Platforms.Build.0 = Debug|x86
		{1DDE1B22-3DDC-4D1C-AEC6-ECC286074B3C}.Debug|x64.ActiveCfg = Debug|Any CPU
		{1DDE1B22-3DDC-4D1C-AEC6-ECC286074B3C}.Debug|x86.ActiveCfg = Debug|x86
		{1DDE1B22-3DDC-4D1C-AEC6-ECC286074B3C}.Debug|x86.Build.0 = Debug|x86
		{1DDE1B22-3DDC-4D1C-AEC6-ECC286074B3C}.Release|Any CPU.ActiveCfg = Release|Any CPU
		{1DDE1B22-3DDC-4D1C-AEC6-ECC286074B3C}.Release|Any CPU.Build.0 = Release|Any CPU
		{1DDE1B22-3DDC-4D1C-AEC6-ECC286074B3C}.Release|Mixed Platforms.ActiveCfg = Release|Any CPU
		{1DDE1B22-3DDC-4D1C-AEC6-ECC286074B3C}.Release|Mixed Platforms.Build.0 = Release|Any CPU
		{1DDE1B22-3DDC-4D1C-AEC6-ECC286074B3C}.Release|x64.ActiveCfg = Release|Any CPU
		{1DDE1B22-3DDC-4D1C-AEC6-ECC286074B3C}.Release|x86.ActiveCfg = Release|Any CPU
		{97D36732-8014-4BCC-B8D5-A5506AB442DE}.Debug|Any CPU.ActiveCfg = Debug|Any CPU
		{97D36732-8014-4BCC-B8D5-A5506AB442DE}.Debug|Any CPU.Build.0 = Debug|Any CPU
		{97D36732-8014-4BCC-B8D5-A5506AB442DE}.Debug|Mixed Platforms.ActiveCfg = Debug|x86
		{97D36732-8014-4BCC-B8D5-A5506AB442DE}.Debug|Mixed Platforms.Build.0 = Debug|x86
		{97D36732-8014-4BCC-B8D5-A5506AB442DE}.Debug|x64.ActiveCfg = Debug|Any CPU
		{97D36732-8014-4BCC-B8D5-A5506AB442DE}.Debug|x86.ActiveCfg = Debug|x86
		{97D36732-8014-4BCC-B8D5-A5506AB442DE}.Debug|x86.Build.0 = Debug|x86
		{97D36732-8014-4BCC-B8D5-A5506AB442DE}.Release|Any CPU.ActiveCfg = Release|Any CPU
		{97D36732-8014-4BCC-B8D5-A5506AB442DE}.Release|Any CPU.Build.0 = Release|Any CPU
		{97D36732-8014-4BCC-B8D5-A5506AB442DE}.Release|Mixed Platforms.ActiveCfg = Release|Any CPU
		{97D36732-8014-4BCC-B8D5-A5506AB442DE}.Release|Mixed Platforms.Build.0 = Release|Any CPU
		{97D36732-8014-4BCC-B8D5-A5506AB442DE}.Release|x64.ActiveCfg = Release|Any CPU
		{97D36732-8014-4BCC-B8D5-A5506AB442DE}.Release|x86.ActiveCfg = Release|Any CPU
		{4BD0D70A-BB21-42EA-85D5-1F48357C507F}.Debug|Any CPU.ActiveCfg = Debug|Any CPU
		{4BD0D70A-BB21-42EA-85D5-1F48357C507F}.Debug|Any CPU.Build.0 = Debug|Any CPU
		{4BD0D70A-BB21-42EA-85D5-1F48357C507F}.Debug|Mixed Platforms.ActiveCfg = Debug|x86
		{4BD0D70A-BB21-42EA-85D5-1F48357C507F}.Debug|Mixed Platforms.Build.0 = Debug|x86
		{4BD0D70A-BB21-42EA-85D5-1F48357C507F}.Debug|x64.ActiveCfg = Debug|Any CPU
		{4BD0D70A-BB21-42EA-85D5-1F48357C507F}.Debug|x86.ActiveCfg = Debug|x86
		{4BD0D70A-BB21-42EA-85D5-1F48357C507F}.Debug|x86.Build.0 = Debug|x86
		{4BD0D70A-BB21-42EA-85D5-1F48357C507F}.Release|Any CPU.ActiveCfg = Release|Any CPU
		{4BD0D70A-BB21-42EA-85D5-1F48357C507F}.Release|Any CPU.Build.0 = Release|Any CPU
		{4BD0D70A-BB21-42EA-85D5-1F48357C507F}.Release|Mixed Platforms.ActiveCfg = Release|Any CPU
		{4BD0D70A-BB21-42EA-85D5-1F48357C507F}.Release|Mixed Platforms.Build.0 = Release|Any CPU
		{4BD0D70A-BB21-42EA-85D5-1F48357C507F}.Release|x64.ActiveCfg = Release|Any CPU
		{4BD0D70A-BB21-42EA-85D5-1F48357C507F}.Release|x86.ActiveCfg = Release|Any CPU
		{C0020EA7-C3D6-4EEB-B1F5-7BB81A14984D}.Debug|Any CPU.ActiveCfg = Debug|Any CPU
		{C0020EA7-C3D6-4EEB-B1F5-7BB81A14984D}.Debug|Any CPU.Build.0 = Debug|Any CPU
		{C0020EA7-C3D6-4EEB-B1F5-7BB81A14984D}.Debug|Mixed Platforms.ActiveCfg = Debug|x86
		{C0020EA7-C3D6-4EEB-B1F5-7BB81A14984D}.Debug|Mixed Platforms.Build.0 = Debug|x86
		{C0020EA7-C3D6-4EEB-B1F5-7BB81A14984D}.Debug|x64.ActiveCfg = Debug|Any CPU
		{C0020EA7-C3D6-4EEB-B1F5-7BB81A14984D}.Debug|x86.ActiveCfg = Debug|x86
		{C0020EA7-C3D6-4EEB-B1F5-7BB81A14984D}.Debug|x86.Build.0 = Debug|x86
		{C0020EA7-C3D6-4EEB-B1F5-7BB81A14984D}.Release|Any CPU.ActiveCfg = Release|Any CPU
		{C0020EA7-C3D6-4EEB-B1F5-7BB81A14984D}.Release|Any CPU.Build.0 = Release|Any CPU
		{C0020EA7-C3D6-4EEB-B1F5-7BB81A14984D}.Release|Mixed Platforms.ActiveCfg = Release|Any CPU
		{C0020EA7-C3D6-4EEB-B1F5-7BB81A14984D}.Release|Mixed Platforms.Build.0 = Release|Any CPU
		{C0020EA7-C3D6-4EEB-B1F5-7BB81A14984D}.Release|x64.ActiveCfg = Release|Any CPU
		{C0020EA7-C3D6-4EEB-B1F5-7BB81A14984D}.Release|x86.ActiveCfg = Release|Any CPU
		{37BB6645-6209-417D-A2F7-ADF73898E736}.Debug|Any CPU.ActiveCfg = Debug|Any CPU
		{37BB6645-6209-417D-A2F7-ADF73898E736}.Debug|Any CPU.Build.0 = Debug|Any CPU
		{37BB6645-6209-417D-A2F7-ADF73898E736}.Debug|Mixed Platforms.ActiveCfg = Debug|x86
		{37BB6645-6209-417D-A2F7-ADF73898E736}.Debug|Mixed Platforms.Build.0 = Debug|x86
		{37BB6645-6209-417D-A2F7-ADF73898E736}.Debug|x64.ActiveCfg = Debug|x86
		{37BB6645-6209-417D-A2F7-ADF73898E736}.Debug|x86.ActiveCfg = Debug|x86
		{37BB6645-6209-417D-A2F7-ADF73898E736}.Debug|x86.Build.0 = Debug|x86
		{37BB6645-6209-417D-A2F7-ADF73898E736}.Release|Any CPU.ActiveCfg = Release|Any CPU
		{37BB6645-6209-417D-A2F7-ADF73898E736}.Release|Any CPU.Build.0 = Release|Any CPU
		{37BB6645-6209-417D-A2F7-ADF73898E736}.Release|Mixed Platforms.ActiveCfg = Release|x86
		{37BB6645-6209-417D-A2F7-ADF73898E736}.Release|Mixed Platforms.Build.0 = Release|x86
		{37BB6645-6209-417D-A2F7-ADF73898E736}.Release|x64.ActiveCfg = Release|x86
		{37BB6645-6209-417D-A2F7-ADF73898E736}.Release|x86.ActiveCfg = Release|x86
		{37BB6645-6209-417D-A2F7-ADF73898E736}.Release|x86.Build.0 = Release|x86
		{124B0444-9A29-4763-B77E-7F96949DC34A}.Debug|Any CPU.ActiveCfg = Debug|Any CPU
		{124B0444-9A29-4763-B77E-7F96949DC34A}.Debug|Any CPU.Build.0 = Debug|Any CPU
		{124B0444-9A29-4763-B77E-7F96949DC34A}.Debug|Mixed Platforms.ActiveCfg = Debug|x86
		{124B0444-9A29-4763-B77E-7F96949DC34A}.Debug|Mixed Platforms.Build.0 = Debug|x86
		{124B0444-9A29-4763-B77E-7F96949DC34A}.Debug|x64.ActiveCfg = Debug|Any CPU
		{124B0444-9A29-4763-B77E-7F96949DC34A}.Debug|x86.ActiveCfg = Debug|x86
		{124B0444-9A29-4763-B77E-7F96949DC34A}.Debug|x86.Build.0 = Debug|x86
		{124B0444-9A29-4763-B77E-7F96949DC34A}.Release|Any CPU.ActiveCfg = Release|Any CPU
		{124B0444-9A29-4763-B77E-7F96949DC34A}.Release|Any CPU.Build.0 = Release|Any CPU
		{124B0444-9A29-4763-B77E-7F96949DC34A}.Release|Mixed Platforms.ActiveCfg = Release|Any CPU
		{124B0444-9A29-4763-B77E-7F96949DC34A}.Release|Mixed Platforms.Build.0 = Release|Any CPU
		{124B0444-9A29-4763-B77E-7F96949DC34A}.Release|x64.ActiveCfg = Release|Any CPU
		{124B0444-9A29-4763-B77E-7F96949DC34A}.Release|x86.ActiveCfg = Release|Any CPU
		{D7B2F3FD-081F-40DF-8684-C960EA20EF1F}.Debug|Any CPU.ActiveCfg = Debug|Any CPU
		{D7B2F3FD-081F-40DF-8684-C960EA20EF1F}.Debug|Any CPU.Build.0 = Debug|Any CPU
		{D7B2F3FD-081F-40DF-8684-C960EA20EF1F}.Debug|Mixed Platforms.ActiveCfg = Debug|x86
		{D7B2F3FD-081F-40DF-8684-C960EA20EF1F}.Debug|Mixed Platforms.Build.0 = Debug|x86
		{D7B2F3FD-081F-40DF-8684-C960EA20EF1F}.Debug|x64.ActiveCfg = Debug|Any CPU
		{D7B2F3FD-081F-40DF-8684-C960EA20EF1F}.Debug|x86.ActiveCfg = Debug|x86
		{D7B2F3FD-081F-40DF-8684-C960EA20EF1F}.Debug|x86.Build.0 = Debug|x86
		{D7B2F3FD-081F-40DF-8684-C960EA20EF1F}.Release|Any CPU.ActiveCfg = Release|Any CPU
		{D7B2F3FD-081F-40DF-8684-C960EA20EF1F}.Release|Any CPU.Build.0 = Release|Any CPU
		{D7B2F3FD-081F-40DF-8684-C960EA20EF1F}.Release|Mixed Platforms.ActiveCfg = Release|Any CPU
		{D7B2F3FD-081F-40DF-8684-C960EA20EF1F}.Release|Mixed Platforms.Build.0 = Release|Any CPU
		{D7B2F3FD-081F-40DF-8684-C960EA20EF1F}.Release|x64.ActiveCfg = Release|Any CPU
		{D7B2F3FD-081F-40DF-8684-C960EA20EF1F}.Release|x86.ActiveCfg = Release|Any CPU
		{07244505-41BE-4936-B2E1-0C919C381A31}.Debug|Any CPU.ActiveCfg = Debug|Any CPU
		{07244505-41BE-4936-B2E1-0C919C381A31}.Debug|Any CPU.Build.0 = Debug|Any CPU
		{07244505-41BE-4936-B2E1-0C919C381A31}.Debug|Mixed Platforms.ActiveCfg = Debug|x86
		{07244505-41BE-4936-B2E1-0C919C381A31}.Debug|Mixed Platforms.Build.0 = Debug|x86
		{07244505-41BE-4936-B2E1-0C919C381A31}.Debug|x64.ActiveCfg = Debug|x86
		{07244505-41BE-4936-B2E1-0C919C381A31}.Debug|x86.ActiveCfg = Debug|x86
		{07244505-41BE-4936-B2E1-0C919C381A31}.Debug|x86.Build.0 = Debug|x86
		{07244505-41BE-4936-B2E1-0C919C381A31}.Release|Any CPU.ActiveCfg = Release|Any CPU
		{07244505-41BE-4936-B2E1-0C919C381A31}.Release|Any CPU.Build.0 = Release|Any CPU
		{07244505-41BE-4936-B2E1-0C919C381A31}.Release|Mixed Platforms.ActiveCfg = Release|x86
		{07244505-41BE-4936-B2E1-0C919C381A31}.Release|Mixed Platforms.Build.0 = Release|x86
		{07244505-41BE-4936-B2E1-0C919C381A31}.Release|x64.ActiveCfg = Release|x86
		{07244505-41BE-4936-B2E1-0C919C381A31}.Release|x86.ActiveCfg = Release|x86
		{07244505-41BE-4936-B2E1-0C919C381A31}.Release|x86.Build.0 = Release|x86
		{7F6083CD-EBE9-46CC-82E1-A379503D0092}.Debug|Any CPU.ActiveCfg = Debug|Any CPU
		{7F6083CD-EBE9-46CC-82E1-A379503D0092}.Debug|Any CPU.Build.0 = Debug|Any CPU
		{7F6083CD-EBE9-46CC-82E1-A379503D0092}.Debug|Mixed Platforms.ActiveCfg = Debug|x86
		{7F6083CD-EBE9-46CC-82E1-A379503D0092}.Debug|Mixed Platforms.Build.0 = Debug|x86
		{7F6083CD-EBE9-46CC-82E1-A379503D0092}.Debug|x64.ActiveCfg = Debug|Any CPU
		{7F6083CD-EBE9-46CC-82E1-A379503D0092}.Debug|x86.ActiveCfg = Debug|x86
		{7F6083CD-EBE9-46CC-82E1-A379503D0092}.Debug|x86.Build.0 = Debug|x86
		{7F6083CD-EBE9-46CC-82E1-A379503D0092}.Release|Any CPU.ActiveCfg = Release|Any CPU
		{7F6083CD-EBE9-46CC-82E1-A379503D0092}.Release|Any CPU.Build.0 = Release|Any CPU
		{7F6083CD-EBE9-46CC-82E1-A379503D0092}.Release|Mixed Platforms.ActiveCfg = Release|Any CPU
		{7F6083CD-EBE9-46CC-82E1-A379503D0092}.Release|Mixed Platforms.Build.0 = Release|Any CPU
		{7F6083CD-EBE9-46CC-82E1-A379503D0092}.Release|x64.ActiveCfg = Release|Any CPU
		{7F6083CD-EBE9-46CC-82E1-A379503D0092}.Release|x86.ActiveCfg = Release|Any CPU
		{FE453CF2-950F-42DB-90FD-5B776EE896D5}.Debug|Any CPU.ActiveCfg = Debug|Any CPU
		{FE453CF2-950F-42DB-90FD-5B776EE896D5}.Debug|Any CPU.Build.0 = Debug|Any CPU
		{FE453CF2-950F-42DB-90FD-5B776EE896D5}.Debug|Mixed Platforms.ActiveCfg = Debug|x86
		{FE453CF2-950F-42DB-90FD-5B776EE896D5}.Debug|Mixed Platforms.Build.0 = Debug|x86
		{FE453CF2-950F-42DB-90FD-5B776EE896D5}.Debug|x64.ActiveCfg = Debug|Any CPU
		{FE453CF2-950F-42DB-90FD-5B776EE896D5}.Debug|x86.ActiveCfg = Debug|x86
		{FE453CF2-950F-42DB-90FD-5B776EE896D5}.Debug|x86.Build.0 = Debug|x86
		{FE453CF2-950F-42DB-90FD-5B776EE896D5}.Release|Any CPU.ActiveCfg = Release|Any CPU
		{FE453CF2-950F-42DB-90FD-5B776EE896D5}.Release|Any CPU.Build.0 = Release|Any CPU
		{FE453CF2-950F-42DB-90FD-5B776EE896D5}.Release|Mixed Platforms.ActiveCfg = Release|Any CPU
		{FE453CF2-950F-42DB-90FD-5B776EE896D5}.Release|Mixed Platforms.Build.0 = Release|Any CPU
		{FE453CF2-950F-42DB-90FD-5B776EE896D5}.Release|x64.ActiveCfg = Release|Any CPU
		{FE453CF2-950F-42DB-90FD-5B776EE896D5}.Release|x86.ActiveCfg = Release|Any CPU
		{FD67A61D-CB6E-495E-B2BF-3FC89B45F40F}.Debug|Any CPU.ActiveCfg = Debug|x86
		{FD67A61D-CB6E-495E-B2BF-3FC89B45F40F}.Debug|Mixed Platforms.ActiveCfg = Debug|x86
		{FD67A61D-CB6E-495E-B2BF-3FC89B45F40F}.Debug|Mixed Platforms.Build.0 = Debug|x86
		{FD67A61D-CB6E-495E-B2BF-3FC89B45F40F}.Debug|x64.ActiveCfg = Debug|x86
		{FD67A61D-CB6E-495E-B2BF-3FC89B45F40F}.Debug|x86.ActiveCfg = Debug|x86
		{FD67A61D-CB6E-495E-B2BF-3FC89B45F40F}.Debug|x86.Build.0 = Debug|x86
		{FD67A61D-CB6E-495E-B2BF-3FC89B45F40F}.Release|Any CPU.ActiveCfg = Release|x86
		{FD67A61D-CB6E-495E-B2BF-3FC89B45F40F}.Release|Mixed Platforms.ActiveCfg = Release|x86
		{FD67A61D-CB6E-495E-B2BF-3FC89B45F40F}.Release|Mixed Platforms.Build.0 = Release|x86
		{FD67A61D-CB6E-495E-B2BF-3FC89B45F40F}.Release|x64.ActiveCfg = Release|x86
		{FD67A61D-CB6E-495E-B2BF-3FC89B45F40F}.Release|x86.ActiveCfg = Release|x86
		{FD67A61D-CB6E-495E-B2BF-3FC89B45F40F}.Release|x86.Build.0 = Release|x86
		{57399216-AA3B-45E4-89B3-0DBF045EF630}.Debug|Any CPU.ActiveCfg = Debug|Any CPU
		{57399216-AA3B-45E4-89B3-0DBF045EF630}.Debug|Any CPU.Build.0 = Debug|Any CPU
		{57399216-AA3B-45E4-89B3-0DBF045EF630}.Debug|Mixed Platforms.ActiveCfg = Debug|x86
		{57399216-AA3B-45E4-89B3-0DBF045EF630}.Debug|Mixed Platforms.Build.0 = Debug|x86
		{57399216-AA3B-45E4-89B3-0DBF045EF630}.Debug|x64.ActiveCfg = Debug|Any CPU
		{57399216-AA3B-45E4-89B3-0DBF045EF630}.Debug|x86.ActiveCfg = Debug|x86
		{57399216-AA3B-45E4-89B3-0DBF045EF630}.Debug|x86.Build.0 = Debug|x86
		{57399216-AA3B-45E4-89B3-0DBF045EF630}.Release|Any CPU.ActiveCfg = Release|Any CPU
		{57399216-AA3B-45E4-89B3-0DBF045EF630}.Release|Any CPU.Build.0 = Release|Any CPU
		{57399216-AA3B-45E4-89B3-0DBF045EF630}.Release|Mixed Platforms.ActiveCfg = Release|Any CPU
		{57399216-AA3B-45E4-89B3-0DBF045EF630}.Release|Mixed Platforms.Build.0 = Release|Any CPU
		{57399216-AA3B-45E4-89B3-0DBF045EF630}.Release|x64.ActiveCfg = Release|Any CPU
		{57399216-AA3B-45E4-89B3-0DBF045EF630}.Release|x86.ActiveCfg = Release|Any CPU
		{426AA40E-2738-41F4-A40A-AD70F9020422}.Debug|Any CPU.ActiveCfg = Debug|Any CPU
		{426AA40E-2738-41F4-A40A-AD70F9020422}.Debug|Any CPU.Build.0 = Debug|Any CPU
		{426AA40E-2738-41F4-A40A-AD70F9020422}.Debug|Mixed Platforms.ActiveCfg = Debug|x86
		{426AA40E-2738-41F4-A40A-AD70F9020422}.Debug|Mixed Platforms.Build.0 = Debug|x86
		{426AA40E-2738-41F4-A40A-AD70F9020422}.Debug|x64.ActiveCfg = Debug|Any CPU
		{426AA40E-2738-41F4-A40A-AD70F9020422}.Debug|x86.ActiveCfg = Debug|x86
		{426AA40E-2738-41F4-A40A-AD70F9020422}.Debug|x86.Build.0 = Debug|x86
		{426AA40E-2738-41F4-A40A-AD70F9020422}.Release|Any CPU.ActiveCfg = Release|Any CPU
		{426AA40E-2738-41F4-A40A-AD70F9020422}.Release|Any CPU.Build.0 = Release|Any CPU
		{426AA40E-2738-41F4-A40A-AD70F9020422}.Release|Mixed Platforms.ActiveCfg = Release|Any CPU
		{426AA40E-2738-41F4-A40A-AD70F9020422}.Release|Mixed Platforms.Build.0 = Release|Any CPU
		{426AA40E-2738-41F4-A40A-AD70F9020422}.Release|x64.ActiveCfg = Release|Any CPU
		{426AA40E-2738-41F4-A40A-AD70F9020422}.Release|x86.ActiveCfg = Release|Any CPU
		{780154DD-BC1A-4CEF-8533-208DDC8B1B2C}.Debug|Any CPU.ActiveCfg = Debug
		{780154DD-BC1A-4CEF-8533-208DDC8B1B2C}.Debug|Any CPU.Build.0 = Debug
		{780154DD-BC1A-4CEF-8533-208DDC8B1B2C}.Debug|Mixed Platforms.ActiveCfg = Debug
		{780154DD-BC1A-4CEF-8533-208DDC8B1B2C}.Debug|x64.ActiveCfg = Debug
		{780154DD-BC1A-4CEF-8533-208DDC8B1B2C}.Debug|x64.Build.0 = Debug
		{780154DD-BC1A-4CEF-8533-208DDC8B1B2C}.Debug|x86.ActiveCfg = Debug
		{780154DD-BC1A-4CEF-8533-208DDC8B1B2C}.Release|Any CPU.ActiveCfg = Release
		{780154DD-BC1A-4CEF-8533-208DDC8B1B2C}.Release|Any CPU.Build.0 = Release
		{780154DD-BC1A-4CEF-8533-208DDC8B1B2C}.Release|Mixed Platforms.ActiveCfg = Release
		{780154DD-BC1A-4CEF-8533-208DDC8B1B2C}.Release|Mixed Platforms.Build.0 = Release
		{780154DD-BC1A-4CEF-8533-208DDC8B1B2C}.Release|x64.ActiveCfg = Release
		{780154DD-BC1A-4CEF-8533-208DDC8B1B2C}.Release|x64.Build.0 = Release
		{780154DD-BC1A-4CEF-8533-208DDC8B1B2C}.Release|x86.ActiveCfg = Release
		{780154DD-BC1A-4CEF-8533-208DDC8B1B2C}.Release|x86.Build.0 = Release
		{89261D5E-A60D-4048-96E5-6815E4ED9EB5}.Debug|Any CPU.ActiveCfg = Debug|Any CPU
		{89261D5E-A60D-4048-96E5-6815E4ED9EB5}.Debug|Any CPU.Build.0 = Debug|Any CPU
		{89261D5E-A60D-4048-96E5-6815E4ED9EB5}.Debug|Mixed Platforms.ActiveCfg = Debug|x86
		{89261D5E-A60D-4048-96E5-6815E4ED9EB5}.Debug|Mixed Platforms.Build.0 = Debug|x86
		{89261D5E-A60D-4048-96E5-6815E4ED9EB5}.Debug|x64.ActiveCfg = Debug|x86
		{89261D5E-A60D-4048-96E5-6815E4ED9EB5}.Debug|x86.ActiveCfg = Debug|x86
		{89261D5E-A60D-4048-96E5-6815E4ED9EB5}.Debug|x86.Build.0 = Debug|x86
		{89261D5E-A60D-4048-96E5-6815E4ED9EB5}.Release|Any CPU.ActiveCfg = Release|Any CPU
		{89261D5E-A60D-4048-96E5-6815E4ED9EB5}.Release|Any CPU.Build.0 = Release|Any CPU
		{89261D5E-A60D-4048-96E5-6815E4ED9EB5}.Release|Mixed Platforms.ActiveCfg = Release|x86
		{89261D5E-A60D-4048-96E5-6815E4ED9EB5}.Release|Mixed Platforms.Build.0 = Release|x86
		{89261D5E-A60D-4048-96E5-6815E4ED9EB5}.Release|x64.ActiveCfg = Release|x86
		{89261D5E-A60D-4048-96E5-6815E4ED9EB5}.Release|x86.ActiveCfg = Release|x86
		{89261D5E-A60D-4048-96E5-6815E4ED9EB5}.Release|x86.Build.0 = Release|x86
		{EE654EC7-241A-45E1-9BE8-F186F33FB494}.Debug|Any CPU.ActiveCfg = Debug|Any CPU
		{EE654EC7-241A-45E1-9BE8-F186F33FB494}.Debug|Any CPU.Build.0 = Debug|Any CPU
		{EE654EC7-241A-45E1-9BE8-F186F33FB494}.Debug|Mixed Platforms.ActiveCfg = Debug|x86
		{EE654EC7-241A-45E1-9BE8-F186F33FB494}.Debug|Mixed Platforms.Build.0 = Debug|x86
		{EE654EC7-241A-45E1-9BE8-F186F33FB494}.Debug|x64.ActiveCfg = Debug|Any CPU
		{EE654EC7-241A-45E1-9BE8-F186F33FB494}.Debug|x86.ActiveCfg = Debug|x86
		{EE654EC7-241A-45E1-9BE8-F186F33FB494}.Debug|x86.Build.0 = Debug|x86
		{EE654EC7-241A-45E1-9BE8-F186F33FB494}.Release|Any CPU.ActiveCfg = Release|Any CPU
		{EE654EC7-241A-45E1-9BE8-F186F33FB494}.Release|Any CPU.Build.0 = Release|Any CPU
		{EE654EC7-241A-45E1-9BE8-F186F33FB494}.Release|Mixed Platforms.ActiveCfg = Release|Any CPU
		{EE654EC7-241A-45E1-9BE8-F186F33FB494}.Release|Mixed Platforms.Build.0 = Release|Any CPU
		{EE654EC7-241A-45E1-9BE8-F186F33FB494}.Release|x64.ActiveCfg = Release|Any CPU
		{EE654EC7-241A-45E1-9BE8-F186F33FB494}.Release|x86.ActiveCfg = Release|Any CPU
		{8BC0D8B4-E957-494A-8E84-C77BCDD87209}.Debug|Any CPU.ActiveCfg = Debug|x86
		{8BC0D8B4-E957-494A-8E84-C77BCDD87209}.Debug|Mixed Platforms.ActiveCfg = Debug|x86
		{8BC0D8B4-E957-494A-8E84-C77BCDD87209}.Debug|Mixed Platforms.Build.0 = Debug|x86
		{8BC0D8B4-E957-494A-8E84-C77BCDD87209}.Debug|x64.ActiveCfg = Debug|x86
		{8BC0D8B4-E957-494A-8E84-C77BCDD87209}.Debug|x86.ActiveCfg = Debug|x86
		{8BC0D8B4-E957-494A-8E84-C77BCDD87209}.Debug|x86.Build.0 = Debug|x86
		{8BC0D8B4-E957-494A-8E84-C77BCDD87209}.Release|Any CPU.ActiveCfg = Release|x86
		{8BC0D8B4-E957-494A-8E84-C77BCDD87209}.Release|Mixed Platforms.ActiveCfg = Release|x86
		{8BC0D8B4-E957-494A-8E84-C77BCDD87209}.Release|Mixed Platforms.Build.0 = Release|x86
		{8BC0D8B4-E957-494A-8E84-C77BCDD87209}.Release|x64.ActiveCfg = Release|x86
		{8BC0D8B4-E957-494A-8E84-C77BCDD87209}.Release|x86.ActiveCfg = Release|x86
		{8BC0D8B4-E957-494A-8E84-C77BCDD87209}.Release|x86.Build.0 = Release|x86
		{C21F8B0F-BC9E-49B3-8F17-CDC71CB126A3}.Debug|Any CPU.ActiveCfg = Debug
		{C21F8B0F-BC9E-49B3-8F17-CDC71CB126A3}.Debug|Mixed Platforms.ActiveCfg = Debug
		{C21F8B0F-BC9E-49B3-8F17-CDC71CB126A3}.Debug|x64.ActiveCfg = Debug
		{C21F8B0F-BC9E-49B3-8F17-CDC71CB126A3}.Debug|x86.ActiveCfg = Debug
		{C21F8B0F-BC9E-49B3-8F17-CDC71CB126A3}.Release|Any CPU.ActiveCfg = Release
		{C21F8B0F-BC9E-49B3-8F17-CDC71CB126A3}.Release|Mixed Platforms.ActiveCfg = Release
		{C21F8B0F-BC9E-49B3-8F17-CDC71CB126A3}.Release|x64.ActiveCfg = Release
		{C21F8B0F-BC9E-49B3-8F17-CDC71CB126A3}.Release|x86.ActiveCfg = Release
	EndGlobalSection
	GlobalSection(SolutionProperties) = preSolution
		HideSolutionNode = FALSE
	EndGlobalSection
EndGlobal
